// !$*UTF8*$!
{
	archiveVersion = 1;
	classes = {
	};
	objectVersion = 56;
	objects = {

/* Begin PBXBuildFile section */
		0501A1B2C3D4000000000501 /* TheMealDBClient.swift in Sources */ = {isa = PBXBuildFile; fileRef = 0401A1B2C3D4000000000401 /* TheMealDBClient.swift */; };
		0502A1B2C3D4000000000502 /* MealRecommendations.swift in Sources */ = {isa = PBXBuildFile; fileRef = 0402A1B2C3D4000000000402 /* MealRecommendations.swift */; };
		0503A1B2C3D4000000000503 /* MealDBNutritionEstimator.swift in Sources */ = {isa = PBXBuildFile; fileRef = 0403A1B2C3D4000000000403 /* MealDBNutritionEstimator.swift */; };
		0504A1B2C3D4000000000504 /* MealDBAddMealSheet.swift in Sources */ = {isa = PBXBuildFile; fileRef = 0404A1B2C3D4000000000404 /* MealDBAddMealSheet.swift */; };
		A1B2C3D4E5F6000000000101 /* NutritionTrackerApp.swift in Sources */ = {isa = PBXBuildFile; fileRef = A1B2C3D4E5F6000000000201 /* NutritionTrackerApp.swift */; };
		A1B2C3D4E5F6000000000102 /* ContentView.swift in Sources */ = {isa = PBXBuildFile; fileRef = A1B2C3D4E5F6000000000202 /* ContentView.swift */; };
		A1B2C3D4E5F6000000000103 /* Models.swift in Sources */ = {isa = PBXBuildFile; fileRef = A1B2C3D4E5F6000000000203 /* Models.swift */; };
		A1B2C3D4E5F6000000000104 /* NutritionStore.swift in Sources */ = {isa = PBXBuildFile; fileRef = A1B2C3D4E5F6000000000204 /* NutritionStore.swift */; };
		A1B2C3D4E5F6000000000105 /* DashboardView.swift in Sources */ = {isa = PBXBuildFile; fileRef = A1B2C3D4E5F6000000000205 /* DashboardView.swift */; };
		A1B2C3D4E5F6000000000106 /* AddFoodView.swift in Sources */ = {isa = PBXBuildFile; fileRef = A1B2C3D4E5F6000000000206 /* AddFoodView.swift */; };
		A1B2C3D4E5F6000000000107 /* HistoryView.swift in Sources */ = {isa = PBXBuildFile; fileRef = A1B2C3D4E5F6000000000207 /* HistoryView.swift */; };
		A1B2C3D4E5F6000000000108 /* GoalsView.swift in Sources */ = {isa = PBXBuildFile; fileRef = A1B2C3D4E5F6000000000208 /* GoalsView.swift */; };
		A1B2C3D4E5F6000000000109 /* RecommendationsView.swift in Sources */ = {isa = PBXBuildFile; fileRef = A1B2C3D4E5F6000000000209 /* RecommendationsView.swift */; };
		A1B2C3D4E5F6000000000110 /* BMRCalculatorView.swift in Sources */ = {isa = PBXBuildFile; fileRef = A1B2C3D4E5F6000000000210 /* BMRCalculatorView.swift */; };
		A1B2C3D4E5F6000000000111 /* NutrientCatalog.swift in Sources */ = {isa = PBXBuildFile; fileRef = A1B2C3D4E5F6000000000212 /* NutrientCatalog.swift */; };
		A1B2C3D4E5F6000000000112 /* FoundationFoodDatabase.swift in Sources */ = {isa = PBXBuildFile; fileRef = A1B2C3D4E5F6000000000213 /* FoundationFoodDatabase.swift */; };
		A1B2C3D4E5F6000000000113 /* FoodData_Central_foundation_food_json_2025-12-18.json in Resources */ = {isa = PBXBuildFile; fileRef = A1B2C3D4E5F6000000000214 /* FoodData_Central_foundation_food_json_2025-12-18.json */; };
		A1B2C3D4E5F6000000000114 /* NutrientNormalization.swift in Sources */ = {isa = PBXBuildFile; fileRef = A1B2C3D4E5F6000000000215 /* NutrientNormalization.swift */; };
		A1B2C3D4E5F6000000000115 /* FoodBrowseCategories.swift in Sources */ = {isa = PBXBuildFile; fileRef = A1B2C3D4E5F6000000000216 /* FoodBrowseCategories.swift */; };
		A1B2C3D4E5F6000000000116 /* FoodEntryDetailView.swift in Sources */ = {isa = PBXBuildFile; fileRef = A1B2C3D4E5F6000000000217 /* FoodEntryDetailView.swift */; };
		A1B2C3D4E5F6000000000117 /* AddGoalView.swift in Sources */ = {isa = PBXBuildFile; fileRef = A1B2C3D4E5F6000000000218 /* AddGoalView.swift */; };
		A1B2C3D4E5F6000000000118 /* CalendarView.swift in Sources */ = {isa = PBXBuildFile; fileRef = A1B2C3D4E5F6000000000219 /* CalendarView.swift */; };
		A1B2C3D4E5F6000000000119 /* DayHistoryView.swift in Sources */ = {isa = PBXBuildFile; fileRef = A1B2C3D4E5F6000000000220 /* DayHistoryView.swift */; };
		A1B2C3D4E5F6000000000120 /* Date+Calendar.swift in Sources */ = {isa = PBXBuildFile; fileRef = A1B2C3D4E5F6000000000221 /* Date+Calendar.swift */; };
		A1B2C3D4E5F6000000000121 /* AllEntriesHistoryView.swift in Sources */ = {isa = PBXBuildFile; fileRef = A1B2C3D4E5F6000000000222 /* AllEntriesHistoryView.swift */; };
		AB752DE02F99C000007A2817 /* AuthViewModel.swift in Sources */ = {isa = PBXBuildFile; fileRef = AB752DDF2F99C000007A2817 /* AuthViewModel.swift */; };
		AB752DE12F99C001007A2817 /* LoginView.swift in Sources */ = {isa = PBXBuildFile; fileRef = AB752DE12F99C000007A2817 /* LoginView.swift */; };
		AB752DE52F99C18F007A2817 /* FirebaseCore in Frameworks */ = {isa = PBXBuildFile; productRef = AB752DE42F99C18F007A2817 /* FirebaseCore */; };
		AB752DE72F99C1B0007A2817 /* FirebaseAnalytics in Frameworks */ = {isa = PBXBuildFile; productRef = AB752DE62F99C1B0007A2817 /* FirebaseAnalytics */; };
		AB752DE92F99C404007A2817 /* GoogleService-Info.plist in Resources */ = {isa = PBXBuildFile; fileRef = AB752DE82F99C404007A2817 /* GoogleService-Info.plist */; };
		AB752DEC2F99C500007A2817 /* FirebaseAuth in Frameworks */ = {isa = PBXBuildFile; productRef = AB752DEB2F99C500007A2817 /* FirebaseAuth */; };
		AB7A3A012F99D000007A2817 /* FirebaseFirestore in Frameworks */ = {isa = PBXBuildFile; productRef = AB7A3A002F99D000007A2817 /* FirebaseFirestore */; };
		ABE712ED2FAC3C41002A5594 /* Assets.xcassets in Resources */ = {isa = PBXBuildFile; fileRef = ABE712EC2FAC3C41002A5594 /* Assets.xcassets */; };
		AC752DF12F99C001007A2817 /* MoreView.swift in Sources */ = {isa = PBXBuildFile; fileRef = AC752DF02F99C001007A2817 /* MoreView.swift */; };
		AC752DF32F99C001007A2817 /* ProfileView.swift in Sources */ = {isa = PBXBuildFile; fileRef = AC752DF22F99C001007A2817 /* ProfileView.swift */; };
/* End PBXBuildFile section */

/* Begin PBXFileReference section */
		0401A1B2C3D4000000000401 /* TheMealDBClient.swift */ = {isa = PBXFileReference; lastKnownFileType = sourcecode.swift; path = TheMealDBClient.swift; sourceTree = "<group>"; };
		0402A1B2C3D4000000000402 /* MealRecommendations.swift */ = {isa = PBXFileReference; lastKnownFileType = sourcecode.swift; path = MealRecommendations.swift; sourceTree = "<group>"; };
		0403A1B2C3D4000000000403 /* MealDBNutritionEstimator.swift */ = {isa = PBXFileReference; lastKnownFileType = sourcecode.swift; path = MealDBNutritionEstimator.swift; sourceTree = "<group>"; };
		0404A1B2C3D4000000000404 /* MealDBAddMealSheet.swift */ = {isa = PBXFileReference; lastKnownFileType = sourcecode.swift; path = MealDBAddMealSheet.swift; sourceTree = "<group>"; };
		A1B2C3D4E5F6000000000002 /* NutritionTracker.app */ = {isa = PBXFileReference; explicitFileType = wrapper.application; includeInIndex = 0; path = NutritionTracker.app; sourceTree = BUILT_PRODUCTS_DIR; };
		A1B2C3D4E5F6000000000201 /* NutritionTrackerApp.swift */ = {isa = PBXFileReference; lastKnownFileType = sourcecode.swift; path = NutritionTrackerApp.swift; sourceTree = "<group>"; };
		A1B2C3D4E5F6000000000202 /* ContentView.swift */ = {isa = PBXFileReference; lastKnownFileType = sourcecode.swift; path = ContentView.swift; sourceTree = "<group>"; };
		A1B2C3D4E5F6000000000203 /* Models.swift */ = {isa = PBXFileReference; lastKnownFileType = sourcecode.swift; path = Models.swift; sourceTree = "<group>"; };
		A1B2C3D4E5F6000000000204 /* NutritionStore.swift */ = {isa = PBXFileReference; lastKnownFileType = sourcecode.swift; path = NutritionStore.swift; sourceTree = "<group>"; };
		A1B2C3D4E5F6000000000205 /* DashboardView.swift */ = {isa = PBXFileReference; lastKnownFileType = sourcecode.swift; path = DashboardView.swift; sourceTree = "<group>"; };
		A1B2C3D4E5F6000000000206 /* AddFoodView.swift */ = {isa = PBXFileReference; lastKnownFileType = sourcecode.swift; path = AddFoodView.swift; sourceTree = "<group>"; };
		A1B2C3D4E5F6000000000207 /* HistoryView.swift */ = {isa = PBXFileReference; lastKnownFileType = sourcecode.swift; path = HistoryView.swift; sourceTree = "<group>"; };
		A1B2C3D4E5F6000000000208 /* GoalsView.swift */ = {isa = PBXFileReference; lastKnownFileType = sourcecode.swift; path = GoalsView.swift; sourceTree = "<group>"; };
		A1B2C3D4E5F6000000000209 /* RecommendationsView.swift */ = {isa = PBXFileReference; lastKnownFileType = sourcecode.swift; path = RecommendationsView.swift; sourceTree = "<group>"; };
		A1B2C3D4E5F6000000000210 /* BMRCalculatorView.swift */ = {isa = PBXFileReference; lastKnownFileType = sourcecode.swift; path = BMRCalculatorView.swift; sourceTree = "<group>"; };
		A1B2C3D4E5F6000000000211 /* Info.plist */ = {isa = PBXFileReference; lastKnownFileType = text.plist.xml; path = Info.plist; sourceTree = "<group>"; };
		A1B2C3D4E5F6000000000212 /* NutrientCatalog.swift */ = {isa = PBXFileReference; lastKnownFileType = sourcecode.swift; path = NutrientCatalog.swift; sourceTree = "<group>"; };
		A1B2C3D4E5F6000000000213 /* FoundationFoodDatabase.swift */ = {isa = PBXFileReference; lastKnownFileType = sourcecode.swift; path = FoundationFoodDatabase.swift; sourceTree = "<group>"; };
		A1B2C3D4E5F6000000000214 /* FoodData_Central_foundation_food_json_2025-12-18.json */ = {isa = PBXFileReference; lastKnownFileType = text.json; path = "FoodData_Central_foundation_food_json_2025-12-18.json"; sourceTree = "<group>"; };
		A1B2C3D4E5F6000000000215 /* NutrientNormalization.swift */ = {isa = PBXFileReference; lastKnownFileType = sourcecode.swift; path = NutrientNormalization.swift; sourceTree = "<group>"; };
		A1B2C3D4E5F6000000000216 /* FoodBrowseCategories.swift */ = {isa = PBXFileReference; lastKnownFileType = sourcecode.swift; path = FoodBrowseCategories.swift; sourceTree = "<group>"; };
		A1B2C3D4E5F6000000000217 /* FoodEntryDetailView.swift */ = {isa = PBXFileReference; lastKnownFileType = sourcecode.swift; path = FoodEntryDetailView.swift; sourceTree = "<group>"; };
		A1B2C3D4E5F6000000000218 /* AddGoalView.swift */ = {isa = PBXFileReference; lastKnownFileType = sourcecode.swift; path = AddGoalView.swift; sourceTree = "<group>"; };
		A1B2C3D4E5F6000000000219 /* CalendarView.swift */ = {isa = PBXFileReference; lastKnownFileType = sourcecode.swift; path = CalendarView.swift; sourceTree = "<group>"; };
		A1B2C3D4E5F6000000000220 /* DayHistoryView.swift */ = {isa = PBXFileReference; lastKnownFileType = sourcecode.swift; path = DayHistoryView.swift; sourceTree = "<group>"; };
		A1B2C3D4E5F6000000000221 /* Date+Calendar.swift */ = {isa = PBXFileReference; lastKnownFileType = sourcecode.swift; path = "Date+Calendar.swift"; sourceTree = "<group>"; };
		A1B2C3D4E5F6000000000222 /* AllEntriesHistoryView.swift */ = {isa = PBXFileReference; lastKnownFileType = sourcecode.swift; path = AllEntriesHistoryView.swift; sourceTree = "<group>"; };
		AB752DDF2F99C000007A2817 /* AuthViewModel.swift */ = {isa = PBXFileReference; lastKnownFileType = sourcecode.swift; path = AuthViewModel.swift; sourceTree = "<group>"; };
		AB752DE12F99C000007A2817 /* LoginView.swift */ = {isa = PBXFileReference; lastKnownFileType = sourcecode.swift; path = LoginView.swift; sourceTree = "<group>"; };
		AB752DE82F99C404007A2817 /* GoogleService-Info.plist */ = {isa = PBXFileReference; lastKnownFileType = text.plist.xml; path = "GoogleService-Info.plist"; sourceTree = "<group>"; };
		ABE712EC2FAC3C41002A5594 /* Assets.xcassets */ = {isa = PBXFileReference; lastKnownFileType = folder.assetcatalog; path = Assets.xcassets; sourceTree = "<group>"; };
		AC752DF02F99C001007A2817 /* MoreView.swift */ = {isa = PBXFileReference; lastKnownFileType = sourcecode.swift; path = MoreView.swift; sourceTree = "<group>"; };
		AC752DF22F99C001007A2817 /* ProfileView.swift */ = {isa = PBXFileReference; lastKnownFileType = sourcecode.swift; path = ProfileView.swift; sourceTree = "<group>"; };
/* End PBXFileReference section */

/* Begin PBXFrameworksBuildPhase section */
		A1B2C3D4E5F6000000000007 /* Frameworks */ = {
			isa = PBXFrameworksBuildPhase;
			buildActionMask = 2147483647;
			files = (
				AB752DEC2F99C500007A2817 /* FirebaseAuth in Frameworks */,
				AB752DE72F99C1B0007A2817 /* FirebaseAnalytics in Frameworks */,
				AB752DE52F99C18F007A2817 /* FirebaseCore in Frameworks */,
				AB7A3A012F99D000007A2817 /* FirebaseFirestore in Frameworks */,
			);
			runOnlyForDeploymentPostprocessing = 0;
		};
/* End PBXFrameworksBuildPhase section */

/* Begin PBXGroup section */
		A1B2C3D4E5F6000000000003 = {
			isa = PBXGroup;
			children = (
				A1B2C3D4E5F6000000000010 /* NutritionTracker */,
				A1B2C3D4E5F6000000000011 /* Databases */,
				AB752DE32F99C18F007A2817 /* Frameworks */,
				A1B2C3D4E5F6000000000004 /* Products */,
			);
			sourceTree = "<group>";
		};
		A1B2C3D4E5F6000000000004 /* Products */ = {
			isa = PBXGroup;
			children = (
				A1B2C3D4E5F6000000000002 /* NutritionTracker.app */,
			);
			name = Products;
			sourceTree = "<group>";
		};
		A1B2C3D4E5F6000000000010 /* NutritionTracker */ = {
			isa = PBXGroup;
			children = (
				A1B2C3D4E5F6000000000201 /* NutritionTrackerApp.swift */,
				A1B2C3D4E5F6000000000202 /* ContentView.swift */,
				A1B2C3D4E5F6000000000203 /* Models.swift */,
				A1B2C3D4E5F6000000000212 /* NutrientCatalog.swift */,
				A1B2C3D4E5F6000000000215 /* NutrientNormalization.swift */,
				A1B2C3D4E5F6000000000204 /* NutritionStore.swift */,
				A1B2C3D4E5F6000000000213 /* FoundationFoodDatabase.swift */,
				A1B2C3D4E5F6000000000216 /* FoodBrowseCategories.swift */,
				A1B2C3D4E5F6000000000205 /* DashboardView.swift */,
				A1B2C3D4E5F6000000000206 /* AddFoodView.swift */,
				A1B2C3D4E5F6000000000218 /* AddGoalView.swift */,
				A1B2C3D4E5F6000000000207 /* HistoryView.swift */,
				A1B2C3D4E5F6000000000222 /* AllEntriesHistoryView.swift */,
				A1B2C3D4E5F6000000000219 /* CalendarView.swift */,
				A1B2C3D4E5F6000000000220 /* DayHistoryView.swift */,
				A1B2C3D4E5F6000000000217 /* FoodEntryDetailView.swift */,
				A1B2C3D4E5F6000000000221 /* Date+Calendar.swift */,
				A1B2C3D4E5F6000000000208 /* GoalsView.swift */,
				A1B2C3D4E5F6000000000209 /* RecommendationsView.swift */,
				A1B2C3D4E5F6000000000210 /* BMRCalculatorView.swift */,
				A1B2C3D4E5F6000000000211 /* Info.plist */,
				AB752DDF2F99C000007A2817 /* AuthViewModel.swift */,
				AB752DE82F99C404007A2817 /* GoogleService-Info.plist */,
				AB752DE12F99C000007A2817 /* LoginView.swift */,
				AC752DF02F99C001007A2817 /* MoreView.swift */,
				AC752DF22F99C001007A2817 /* ProfileView.swift */,
				0401A1B2C3D4000000000401 /* TheMealDBClient.swift */,
				0402A1B2C3D4000000000402 /* MealRecommendations.swift */,
				0403A1B2C3D4000000000403 /* MealDBNutritionEstimator.swift */,
				0404A1B2C3D4000000000404 /* MealDBAddMealSheet.swift */,
				ABE712EC2FAC3C41002A5594 /* Assets.xcassets */,
			);
			path = NutritionTracker;
			sourceTree = "<group>";
		};
		A1B2C3D4E5F6000000000011 /* Databases */ = {
			isa = PBXGroup;
			children = (
				A1B2C3D4E5F6000000000214 /* FoodData_Central_foundation_food_json_2025-12-18.json */,
			);
			path = Databases;
			sourceTree = "<group>";
		};
		AB752DE32F99C18F007A2817 /* Frameworks */ = {
			isa = PBXGroup;
			children = (
			);
			name = Frameworks;
			sourceTree = "<group>";
		};
/* End PBXGroup section */

/* Begin PBXNativeTarget section */
		A1B2C3D4E5F6000000000001 /* NutritionTracker */ = {
			isa = PBXNativeTarget;
			buildConfigurationList = A1B2C3D4E5F6000000000009 /* Build configuration list for PBXNativeTarget "NutritionTracker" */;
			buildPhases = (
				A1B2C3D4E5F6000000000005 /* Sources */,
				A1B2C3D4E5F6000000000007 /* Frameworks */,
				A1B2C3D4E5F6000000000006 /* Resources */,
			);
			buildRules = (
			);
			dependencies = (
			);
			name = NutritionTracker;
			productName = NutritionTracker;
			productReference = A1B2C3D4E5F6000000000002 /* NutritionTracker.app */;
			productType = "com.apple.product-type.application";
		};
/* End PBXNativeTarget section */

/* Begin PBXProject section */
		A1B2C3D4E5F6000000000000 /* Project object */ = {
			isa = PBXProject;
			attributes = {
				BuildIndependentTargetsInParallel = 1;
				LastSwiftUpdateCheck = 1600;
				LastUpgradeCheck = 2620;
				TargetAttributes = {
					A1B2C3D4E5F6000000000001 = {
						CreatedOnToolsVersion = 16.0;
						ProvisioningStyle = Automatic;
					};
				};
			};
			buildConfigurationList = A1B2C3D4E5F6000000000008 /* Build configuration list for PBXProject "NutritionTracker" */;
			compatibilityVersion = "Xcode 14.0";
			developmentRegion = en;
			hasScannedForEncodings = 0;
			knownRegions = (
				en,
				Base,
			);
			mainGroup = A1B2C3D4E5F6000000000003;
			packageReferences = (
				ABC2A0A92F99BD6D0069B610 /* XCRemoteSwiftPackageReference "firebase-ios-sdk" */,
			);
			productRefGroup = A1B2C3D4E5F6000000000004 /* Products */;
			projectDirPath = "";
			projectRoot = "";
			targets = (
				A1B2C3D4E5F6000000000001 /* NutritionTracker */,
			);
		};
/* End PBXProject section */

/* Begin PBXResourcesBuildPhase section */
		A1B2C3D4E5F6000000000006 /* Resources */ = {
			isa = PBXResourcesBuildPhase;
			buildActionMask = 2147483647;
			files = (
				A1B2C3D4E5F6000000000113 /* FoodData_Central_foundation_food_json_2025-12-18.json in Resources */,
				ABE712ED2FAC3C41002A5594 /* Assets.xcassets in Resources */,
				AB752DE92F99C404007A2817 /* GoogleService-Info.plist in Resources */,
			);
			runOnlyForDeploymentPostprocessing = 0;
		};
/* End PBXResourcesBuildPhase section */

/* Begin PBXSourcesBuildPhase section */
		A1B2C3D4E5F6000000000005 /* Sources */ = {
			isa = PBXSourcesBuildPhase;
			buildActionMask = 2147483647;
			files = (
				A1B2C3D4E5F6000000000101 /* NutritionTrackerApp.swift in Sources */,
				A1B2C3D4E5F6000000000102 /* ContentView.swift in Sources */,
				A1B2C3D4E5F6000000000103 /* Models.swift in Sources */,
				AB752DE02F99C000007A2817 /* AuthViewModel.swift in Sources */,
				A1B2C3D4E5F6000000000111 /* NutrientCatalog.swift in Sources */,
				A1B2C3D4E5F6000000000114 /* NutrientNormalization.swift in Sources */,
				A1B2C3D4E5F6000000000104 /* NutritionStore.swift in Sources */,
				A1B2C3D4E5F6000000000112 /* FoundationFoodDatabase.swift in Sources */,
				A1B2C3D4E5F6000000000115 /* FoodBrowseCategories.swift in Sources */,
				A1B2C3D4E5F6000000000105 /* DashboardView.swift in Sources */,
				A1B2C3D4E5F6000000000106 /* AddFoodView.swift in Sources */,
				A1B2C3D4E5F6000000000117 /* AddGoalView.swift in Sources */,
				A1B2C3D4E5F6000000000107 /* HistoryView.swift in Sources */,
				A1B2C3D4E5F6000000000121 /* AllEntriesHistoryView.swift in Sources */,
				A1B2C3D4E5F6000000000118 /* CalendarView.swift in Sources */,
				A1B2C3D4E5F6000000000119 /* DayHistoryView.swift in Sources */,
				A1B2C3D4E5F6000000000116 /* FoodEntryDetailView.swift in Sources */,
				A1B2C3D4E5F6000000000120 /* Date+Calendar.swift in Sources */,
				A1B2C3D4E5F6000000000108 /* GoalsView.swift in Sources */,
				AB752DE12F99C001007A2817 /* LoginView.swift in Sources */,
				A1B2C3D4E5F6000000000109 /* RecommendationsView.swift in Sources */,
				A1B2C3D4E5F6000000000110 /* BMRCalculatorView.swift in Sources */,
				AC752DF12F99C001007A2817 /* MoreView.swift in Sources */,
				AC752DF32F99C001007A2817 /* ProfileView.swift in Sources */,
				0501A1B2C3D4000000000501 /* TheMealDBClient.swift in Sources */,
				0502A1B2C3D4000000000502 /* MealRecommendations.swift in Sources */,
				0503A1B2C3D4000000000503 /* MealDBNutritionEstimator.swift in Sources */,
				0504A1B2C3D4000000000504 /* MealDBAddMealSheet.swift in Sources */,
			);
			runOnlyForDeploymentPostprocessing = 0;
		};
/* End PBXSourcesBuildPhase section */

/* Begin XCBuildConfiguration section */
		A1B2C3D4E5F6000000000301 /* Debug */ = {
			isa = XCBuildConfiguration;
			buildSettings = {
				ALWAYS_SEARCH_USER_PATHS = NO;
				CLANG_ENABLE_MODULES = YES;
				CLANG_ENABLE_OBJC_ARC = YES;
				CLANG_WARN_BLOCK_CAPTURE_AUTORELEASING = YES;
				CLANG_WARN_BOOL_CONVERSION = YES;
				CLANG_WARN_COMMA = YES;
				CLANG_WARN_CONSTANT_CONVERSION = YES;
				CLANG_WARN_DEPRECATED_OBJC_IMPLEMENTATIONS = YES;
				CLANG_WARN_EMPTY_BODY = YES;
				CLANG_WARN_ENUM_CONVERSION = YES;
				CLANG_WARN_INFINITE_RECURSION = YES;
				CLANG_WARN_INT_CONVERSION = YES;
				CLANG_WARN_NON_LITERAL_NULL_CONVERSION = YES;
				CLANG_WARN_OBJC_IMPLICIT_RETAIN_SELF = YES;
				CLANG_WARN_OBJC_LITERAL_CONVERSION = YES;
				CLANG_WARN_QUOTED_INCLUDE_IN_FRAMEWORK_HEADER = YES;
				CLANG_WARN_RANGE_LOOP_ANALYSIS = YES;
				CLANG_WARN_STRICT_PROTOTYPES = YES;
				CLANG_WARN_SUSPICIOUS_MOVE = YES;
				CLANG_WARN_UNREACHABLE_CODE = YES;
				CLANG_WARN__DUPLICATE_METHOD_MATCH = YES;
				CODE_SIGN_STYLE = Automatic;
				CURRENT_PROJECT_VERSION = 1;
				DEBUG_INFORMATION_FORMAT = dwarf;
				DEVELOPMENT_TEAM = 6F7N83Q2J3;
				ENABLE_STRICT_OBJC_MSGSEND = YES;
				ENABLE_TESTABILITY = YES;
				ENABLE_USER_SCRIPT_SANDBOXING = YES;
				GCC_C_LANGUAGE_STANDARD = gnu17;
				GCC_DYNAMIC_NO_PIC = NO;
				GCC_NO_COMMON_BLOCKS = YES;
				GCC_OPTIMIZATION_LEVEL = 0;
				GCC_PREPROCESSOR_DEFINITIONS = (
					"DEBUG=1",
					"$(inherited)",
				);
				GCC_WARN_64_TO_32_BIT_CONVERSION = YES;
				GCC_WARN_ABOUT_RETURN_TYPE = YES_ERROR;
				GCC_WARN_UNDECLARED_SELECTOR = YES;
				GCC_WARN_UNINITIALIZED_AUTOS = YES_AGGRESSIVE;
				GCC_WARN_UNUSED_FUNCTION = YES;
				GCC_WARN_UNUSED_VARIABLE = YES;
				IPHONEOS_DEPLOYMENT_TARGET = 16.0;
				MTL_ENABLE_DEBUG_INFO = INCLUDE_SOURCE;
				MTL_FAST_MATH = YES;
				ONLY_ACTIVE_ARCH = YES;
				PRODUCT_BUNDLE_IDENTIFIER = com.landon.nutritiontracker;
				PRODUCT_NAME = "$(TARGET_NAME)";
				SDKROOT = iphoneos;
				STRING_CATALOG_GENERATE_SYMBOLS = YES;
				SWIFT_ACTIVE_COMPILATION_CONDITIONS = DEBUG;
				SWIFT_OPTIMIZATION_LEVEL = "-Onone";
				SWIFT_VERSION = 5.0;
			};
			name = Debug;
		};
		A1B2C3D4E5F6000000000302 /* Release */ = {
			isa = XCBuildConfiguration;
			buildSettings = {
				ALWAYS_SEARCH_USER_PATHS = NO;
				CLANG_ENABLE_MODULES = YES;
				CLANG_ENABLE_OBJC_ARC = YES;
				CLANG_WARN_BLOCK_CAPTURE_AUTORELEASING = YES;
				CLANG_WARN_BOOL_CONVERSION = YES;
				CLANG_WARN_COMMA = YES;
				CLANG_WARN_CONSTANT_CONVERSION = YES;
				CLANG_WARN_DEPRECATED_OBJC_IMPLEMENTATIONS = YES;
				CLANG_WARN_EMPTY_BODY = YES;
				CLANG_WARN_ENUM_CONVERSION = YES;
				CLANG_WARN_INFINITE_RECURSION = YES;
				CLANG_WARN_INT_CONVERSION = YES;
				CLANG_WARN_NON_LITERAL_NULL_CONVERSION = YES;
				CLANG_WARN_OBJC_IMPLICIT_RETAIN_SELF = YES;
				CLANG_WARN_OBJC_LITERAL_CONVERSION = YES;
				CLANG_WARN_QUOTED_INCLUDE_IN_FRAMEWORK_HEADER = YES;
				CLANG_WARN_RANGE_LOOP_ANALYSIS = YES;
				CLANG_WARN_STRICT_PROTOTYPES = YES;
				CLANG_WARN_SUSPICIOUS_MOVE = YES;
				CLANG_WARN_UNREACHABLE_CODE = YES;
				CLANG_WARN__DUPLICATE_METHOD_MATCH = YES;
				CODE_SIGN_STYLE = Automatic;
				CURRENT_PROJECT_VERSION = 1;
				DEBUG_INFORMATION_FORMAT = "dwarf-with-dsym";
				DEVELOPMENT_TEAM = 6F7N83Q2J3;
				ENABLE_NS_ASSERTIONS = NO;
				ENABLE_STRICT_OBJC_MSGSEND = YES;
				ENABLE_USER_SCRIPT_SANDBOXING = YES;
				GCC_C_LANGUAGE_STANDARD = gnu17;
				GCC_NO_COMMON_BLOCKS = YES;
				GCC_WARN_64_TO_32_BIT_CONVERSION = YES;
				GCC_WARN_ABOUT_RETURN_TYPE = YES_ERROR;
				GCC_WARN_UNDECLARED_SELECTOR = YES;
				GCC_WARN_UNINITIALIZED_AUTOS = YES_AGGRESSIVE;
				GCC_WARN_UNUSED_FUNCTION = YES;
				GCC_WARN_UNUSED_VARIABLE = YES;
				IPHONEOS_DEPLOYMENT_TARGET = 16.0;
				MTL_ENABLE_DEBUG_INFO = NO;
				MTL_FAST_MATH = YES;
				PRODUCT_BUNDLE_IDENTIFIER = com.landon.nutritiontracker;
				PRODUCT_NAME = "$(TARGET_NAME)";
				SDKROOT = iphoneos;
				STRING_CATALOG_GENERATE_SYMBOLS = YES;
				SWIFT_COMPILATION_MODE = wholemodule;
				SWIFT_VERSION = 5.0;
			};
			name = Release;
		};
		A1B2C3D4E5F6000000000311 /* Debug */ = {
			isa = XCBuildConfiguration;
			buildSettings = {
				ASSETCATALOG_COMPILER_APPICON_NAME = AppIcon;
				CODE_SIGN_STYLE = Automatic;
				CURRENT_PROJECT_VERSION = 1;
				GENERATE_INFOPLIST_FILE = NO;
				INFOPLIST_FILE = NutritionTracker/Info.plist;
				INFOPLIST_KEY_UIApplicationSupportsIndirectInputEvents = YES;
				INFOPLIST_KEY_UILaunchScreen_Generation = YES;
				INFOPLIST_KEY_UISupportedInterfaceOrientations_iPhone = UIInterfaceOrientationPortrait;
				IPHONEOS_DEPLOYMENT_TARGET = 16.0;
				LD_RUNPATH_SEARCH_PATHS = (
					"$(inherited)",
					"@executable_path/Frameworks",
				);
				MARKETING_VERSION = 1.0;
				PRODUCT_BUNDLE_IDENTIFIER = com.landon.nutritiontracker;
				PRODUCT_NAME = "$(TARGET_NAME)";
				SUPPORTED_PLATFORMS = "iphoneos iphonesimulator";
				SWIFT_EMIT_LOC_STRINGS = YES;
				SWIFT_VERSION = 5.0;
				TARGETED_DEVICE_FAMILY = 1;
			};
			name = Debug;
		};
		A1B2C3D4E5F6000000000312 /* Release */ = {
			isa = XCBuildConfiguration;
			buildSettings = {
				ASSETCATALOG_COMPILER_APPICON_NAME = AppIcon;
				CODE_SIGN_STYLE = Automatic;
				CURRENT_PROJECT_VERSION = 1;
				GENERATE_INFOPLIST_FILE = NO;
				INFOPLIST_FILE = NutritionTracker/Info.plist;
				INFOPLIST_KEY_UIApplicationSupportsIndirectInputEvents = YES;
				INFOPLIST_KEY_UILaunchScreen_Generation = YES;
				INFOPLIST_KEY_UISupportedInterfaceOrientations_iPhone = UIInterfaceOrientationPortrait;
				IPHONEOS_DEPLOYMENT_TARGET = 16.0;
				LD_RUNPATH_SEARCH_PATHS = (
					"$(inherited)",
					"@executable_path/Frameworks",
				);
				MARKETING_VERSION = 1.0;
				PRODUCT_BUNDLE_IDENTIFIER = com.landon.nutritiontracker;
				PRODUCT_NAME = "$(TARGET_NAME)";
				SUPPORTED_PLATFORMS = "iphoneos iphonesimulator";
				SWIFT_EMIT_LOC_STRINGS = YES;
				SWIFT_VERSION = 5.0;
				TARGETED_DEVICE_FAMILY = 1;
			};
			name = Release;
		};
/* End XCBuildConfiguration section */

/* Begin XCConfigurationList section */
		A1B2C3D4E5F6000000000008 /* Build configuration list for PBXProject "NutritionTracker" */ = {
			isa = XCConfigurationList;
			buildConfigurations = (
				A1B2C3D4E5F6000000000301 /* Debug */,
				A1B2C3D4E5F6000000000302 /* Release */,
			);
			defaultConfigurationIsVisible = 0;
			defaultConfigurationName = Release;
		};
		A1B2C3D4E5F6000000000009 /* Build configuration list for PBXNativeTarget "NutritionTracker" */ = {
			isa = XCConfigurationList;
			buildConfigurations = (
				A1B2C3D4E5F6000000000311 /* Debug */,
				A1B2C3D4E5F6000000000312 /* Release */,
			);
			defaultConfigurationIsVisible = 0;
			defaultConfigurationName = Release;
		};
/* End XCConfigurationList section */

/* Begin XCRemoteSwiftPackageReference section */
		ABC2A0A92F99BD6D0069B610 /* XCRemoteSwiftPackageReference "firebase-ios-sdk" */ = {
			isa = XCRemoteSwiftPackageReference;
			repositoryURL = "https://github.com/firebase/firebase-ios-sdk";
			requirement = {
				kind = upToNextMajorVersion;
				minimumVersion = 12.12.1;
			};
		};
/* End XCRemoteSwiftPackageReference section */

/* Begin XCSwiftPackageProductDependency section */
		AB752DE42F99C18F007A2817 /* FirebaseCore */ = {
			isa = XCSwiftPackageProductDependency;
			package = ABC2A0A92F99BD6D0069B610 /* XCRemoteSwiftPackageReference "firebase-ios-sdk" */;
			productName = FirebaseCore;
		};
		AB752DE62F99C1B0007A2817 /* FirebaseAnalytics */ = {
			isa = XCSwiftPackageProductDependency;
			package = ABC2A0A92F99BD6D0069B610 /* XCRemoteSwiftPackageReference "firebase-ios-sdk" */;
			productName = FirebaseAnalytics;
		};
		AB752DEB2F99C500007A2817 /* FirebaseAuth */ = {
			isa = XCSwiftPackageProductDependency;
			package = ABC2A0A92F99BD6D0069B610 /* XCRemoteSwiftPackageReference "firebase-ios-sdk" */;
			productName = FirebaseAuth;
		};
		AB7A3A002F99D000007A2817 /* FirebaseFirestore */ = {
			isa = XCSwiftPackageProductDependency;
			package = ABC2A0A92F99BD6D0069B610 /* XCRemoteSwiftPackageReference "firebase-ios-sdk" */;
			productName = FirebaseFirestore;
		};
/* End XCSwiftPackageProductDependency section */
	};
	rootObject = A1B2C3D4E5F6000000000000 /* Project object */;
}
